
Microsoft Visual Studio Solution File, Format Version 12.00
# Visual Studio 15
VisualStudioVersion = 15.0.28010.2036
MinimumVisualStudioVersion = 10.0.40219.1
Project("{FAE04EC0-301F-11D3-BF4B-00C04F79EFBC}") = "SdkBased", "SdkBased\SdkBased.csproj", "{5CDF6785-BA01-462F-B145-CD51680B9BC5}"
EndProject
Project("{FAE04EC0-301F-11D3-BF4B-00C04F79EFBC}") = "LegacyBased", "LegacyBased\LegacyBased.csproj", "{20EEE6EF-81AA-484C-89B6-26E1FA7A51E1}"
EndProject
Project("{2150E333-8FDC-42A3-9474-1A3956D46DE8}") = "Solution Item", "Solution Item", "{90D4D909-27B2-4EA9-902C-AA7432A7153C}"
	ProjectSection(SolutionItems) = preProject
		Directory.Build.props = Directory.Build.props
		Directory.Build.targets = Directory.Build.targets
	EndProjectSection
EndProject
Global
	GlobalSection(SolutionConfigurationPlatforms) = preSolution
		Debug|Any CPU = Debug|Any CPU
		Release|Any CPU = Release|Any CPU
	EndGlobalSection
	GlobalSection(ProjectConfigurationPlatforms) = postSolution
		{5CDF6785-BA01-462F-B145-CD51680B9BC5}.Debug|Any CPU.ActiveCfg = Debug|Any CPU
		{5CDF6785-BA01-462F-B145-CD51680B9BC5}.Debug|Any CPU.Build.0 = Debug|Any CPU
		{5CDF6785-BA01-462F-B145-CD51680B9BC5}.Release|Any CPU.ActiveCfg = Release|Any CPU
		{5CDF6785-BA01-462F-B145-CD51680B9BC5}.Release|Any CPU.Build.0 = Release|Any CPU
		{20EEE6EF-81AA-484C-89B6-26E1FA7A51E1}.Debug|Any CPU.ActiveCfg = Debug|Any CPU
		{20EEE6EF-81AA-484C-89B6-26E1FA7A51E1}.Debug|Any CPU.Build.0 = Debug|Any CPU
		{20EEE6EF-81AA-484C-89B6-26E1FA7A51E1}.Release|Any CPU.ActiveCfg = Release|Any CPU
		{20EEE6EF-81AA-484C-89B6-26E1FA7A51E1}.Release|Any CPU.Build.0 = Release|Any CPU
	EndGlobalSection
	GlobalSection(SolutionProperties) = preSolution
		HideSolutionNode = FALSE
	EndGlobalSection
	GlobalSection(ExtensibilityGlobals) = postSolution
		SolutionGuid = {329444CC-D384-43E8-BD9B-16A5D08BD5E7}
	EndGlobalSection
EndGlobal
